
Microsoft Visual Studio Solution File, Format Version 12.00
# Visual Studio 15
VisualStudioVersion = 15.0.27004.2006
MinimumVisualStudioVersion = 10.0.40219.1
Project("{9A19103F-16F7-4668-BE54-9A1E7A4F7556}") = "CryptoDocs.Shared", "CryptoDocs.Shared\CryptoDocs.Shared.csproj", "{393D12B6-25D8-4A79-B31F-D06466364F87}"
EndProject
Project("{9A19103F-16F7-4668-BE54-9A1E7A4F7556}") = "CryptoDocs.PrimeGenerator", "CryptoDocs.PrimeGenerator\CryptoDocs.PrimeGenerator.csproj", "{E0C2D65A-E07F-416C-9FE3-0CA7FE647754}"
EndProject
Project("{FAE04EC0-301F-11D3-BF4B-00C04F79EFBC}") = "CryptoDocs.WinForms", "CryptoDocs.WinForms\CryptoDocs.WinForms.csproj", "{4C9B915F-9368-4895-9966-611907CD95ED}"
EndProject
Project("{9A19103F-16F7-4668-BE54-9A1E7A4F7556}") = "CryptoDocs.Services", "CryptoDocs.Services\CryptoDocs.Services.csproj", "{FCD146D2-9843-4138-B2D8-C516DDBAD017}"
EndProject
Project("{9A19103F-16F7-4668-BE54-9A1E7A4F7556}") = "CryptoDocs.Abstractions", "CryptoDocs.Abstractions\CryptoDocs.Abstractions.csproj", "{3EEA4890-676A-4FCC-8D87-9F3DA70032A2}"
EndProject
Project("{9A19103F-16F7-4668-BE54-9A1E7A4F7556}") = "CryptoDocs.RestClient", "CryptoDocs.RestClient\CryptoDocs.RestClient.csproj", "{DB335134-FDB7-4D75-AF7A-E5C70D736A46}"
EndProject
Project("{9A19103F-16F7-4668-BE54-9A1E7A4F7556}") = "CryptoDocs.WebApi", "CryptoDocs.WebApi\CryptoDocs.WebApi.csproj", "{DAF20377-CC57-45FE-8EA4-42243A13E065}"
EndProject
Global
	GlobalSection(SolutionConfigurationPlatforms) = preSolution
		Debug|Any CPU = Debug|Any CPU
		Release|Any CPU = Release|Any CPU
	EndGlobalSection
	GlobalSection(ProjectConfigurationPlatforms) = postSolution
		{393D12B6-25D8-4A79-B31F-D06466364F87}.Debug|Any CPU.ActiveCfg = Debug|Any CPU
		{393D12B6-25D8-4A79-B31F-D06466364F87}.Debug|Any CPU.Build.0 = Debug|Any CPU
		{393D12B6-25D8-4A79-B31F-D06466364F87}.Release|Any CPU.ActiveCfg = Release|Any CPU
		{393D12B6-25D8-4A79-B31F-D06466364F87}.Release|Any CPU.Build.0 = Release|Any CPU
		{E0C2D65A-E07F-416C-9FE3-0CA7FE647754}.Debug|Any CPU.ActiveCfg = Debug|Any CPU
		{E0C2D65A-E07F-416C-9FE3-0CA7FE647754}.Debug|Any CPU.Build.0 = Debug|Any CPU
		{E0C2D65A-E07F-416C-9FE3-0CA7FE647754}.Release|Any CPU.ActiveCfg = Release|Any CPU
		{E0C2D65A-E07F-416C-9FE3-0CA7FE647754}.Release|Any CPU.Build.0 = Release|Any CPU
		{4C9B915F-9368-4895-9966-611907CD95ED}.Debug|Any CPU.ActiveCfg = Debug|Any CPU
		{4C9B915F-9368-4895-9966-611907CD95ED}.Debug|Any CPU.Build.0 = Debug|Any CPU
		{4C9B915F-9368-4895-9966-611907CD95ED}.Release|Any CPU.ActiveCfg = Release|Any CPU
		{4C9B915F-9368-4895-9966-611907CD95ED}.Release|Any CPU.Build.0 = Release|Any CPU
		{FCD146D2-9843-4138-B2D8-C516DDBAD017}.Debug|Any CPU.ActiveCfg = Debug|Any CPU
		{FCD146D2-9843-4138-B2D8-C516DDBAD017}.Debug|Any CPU.Build.0 = Debug|Any CPU
		{FCD146D2-9843-4138-B2D8-C516DDBAD017}.Release|Any CPU.ActiveCfg = Release|Any CPU
		{FCD146D2-9843-4138-B2D8-C516DDBAD017}.Release|Any CPU.Build.0 = Release|Any CPU
		{3EEA4890-676A-4FCC-8D87-9F3DA70032A2}.Debug|Any CPU.ActiveCfg = Debug|Any CPU
		{3EEA4890-676A-4FCC-8D87-9F3DA70032A2}.Debug|Any CPU.Build.0 = Debug|Any CPU
		{3EEA4890-676A-4FCC-8D87-9F3DA70032A2}.Release|Any CPU.ActiveCfg = Release|Any CPU
		{3EEA4890-676A-4FCC-8D87-9F3DA70032A2}.Release|Any CPU.Build.0 = Release|Any CPU
		{DB335134-FDB7-4D75-AF7A-E5C70D736A46}.Debug|Any CPU.ActiveCfg = Debug|Any CPU
		{DB335134-FDB7-4D75-AF7A-E5C70D736A46}.Debug|Any CPU.Build.0 = Debug|Any CPU
		{DB335134-FDB7-4D75-AF7A-E5C70D736A46}.Release|Any CPU.ActiveCfg = Release|Any CPU
		{DB335134-FDB7-4D75-AF7A-E5C70D736A46}.Release|Any CPU.Build.0 = Release|Any CPU
		{DAF20377-CC57-45FE-8EA4-42243A13E065}.Debug|Any CPU.ActiveCfg = Debug|Any CPU
		{DAF20377-CC57-45FE-8EA4-42243A13E065}.Debug|Any CPU.Build.0 = Debug|Any CPU
		{DAF20377-CC57-45FE-8EA4-42243A13E065}.Release|Any CPU.ActiveCfg = Release|Any CPU
		{DAF20377-CC57-45FE-8EA4-42243A13E065}.Release|Any CPU.Build.0 = Release|Any CPU
	EndGlobalSection
	GlobalSection(SolutionProperties) = preSolution
		HideSolutionNode = FALSE
	EndGlobalSection
	GlobalSection(ExtensibilityGlobals) = postSolution
		SolutionGuid = {64960DE0-0F99-4386-924E-287BD0E4C4F0}
	EndGlobalSection
EndGlobal
